
Microsoft Visual Studio Solution File, Format Version 12.00
# Visual Studio 15
VisualStudioVersion = 15.0.28307.329
MinimumVisualStudioVersion = 10.0.40219.1
Project("{FAE04EC0-301F-11D3-BF4B-00C04F79EFBC}") = "ConsoleAppParameterizedTest", "ConsoleAppParameterizedTest.csproj", "{C2E5FAEA-0DDF-4AFE-9CBA-CFB2544B9D3C}"
EndProject
Project("{FAE04EC0-301F-11D3-BF4B-00C04F79EFBC}") = "ParameterizedTest", "..\ParameterizedTest\ParameterizedTest.csproj", "{53D67D32-4B1C-418F-A083-427BC08A702E}"
EndProject
Global
	GlobalSection(SolutionConfigurationPlatforms) = preSolution
		Debug|Any CPU = Debug|Any CPU
		Release|Any CPU = Release|Any CPU
	EndGlobalSection
	GlobalSection(ProjectConfigurationPlatforms) = postSolution
		{C2E5FAEA-0DDF-4AFE-9CBA-CFB2544B9D3C}.Debug|Any CPU.ActiveCfg = Debug|Any CPU
		{C2E5FAEA-0DDF-4AFE-9CBA-CFB2544B9D3C}.Debug|Any CPU.Build.0 = Debug|Any CPU
		{C2E5FAEA-0DDF-4AFE-9CBA-CFB2544B9D3C}.Release|Any CPU.ActiveCfg = Release|Any CPU
		{C2E5FAEA-0DDF-4AFE-9CBA-CFB2544B9D3C}.Release|Any CPU.Build.0 = Release|Any CPU
		{53D67D32-4B1C-418F-A083-427BC08A702E}.Debug|Any CPU.ActiveCfg = Debug|Any CPU
		{53D67D32-4B1C-418F-A083-427BC08A702E}.Debug|Any CPU.Build.0 = Debug|Any CPU
		{53D67D32-4B1C-418F-A083-427BC08A702E}.Release|Any CPU.ActiveCfg = Release|Any CPU
		{53D67D32-4B1C-418F-A083-427BC08A702E}.Release|Any CPU.Build.0 = Release|Any CPU
	EndGlobalSection
	GlobalSection(SolutionProperties) = preSolution
		HideSolutionNode = FALSE
	EndGlobalSection
	GlobalSection(ExtensibilityGlobals) = postSolution
		SolutionGuid = {B02C76E7-4570-4273-B2C1-307F6D919A7A}
	EndGlobalSection
EndGlobal
